
Microsoft Visual Studio Solution File, Format Version 12.00
# Visual Studio Version 17
VisualStudioVersion = 17.0.31903.59
MinimumVisualStudioVersion = 10.0.40219.1
Project("{FAE04EC0-301F-11D3-BF4B-00C04F79EFBC}") = "chess137", "chess137\chess137.csproj", "{A2CAC241-DA95-4D0A-B7C9-86ED9203936A}"
EndProject
Global
	GlobalSection(SolutionConfigurationPlatforms) = preSolution
		Debug|Any CPU = Debug|Any CPU
		Release|Any CPU = Release|Any CPU
	EndGlobalSection
	GlobalSection(ProjectConfigurationPlatforms) = postSolution
		{A2CAC241-DA95-4D0A-B7C9-86ED9203936A}.Debug|Any CPU.ActiveCfg = Debug|Any CPU
		{A2CAC241-DA95-4D0A-B7C9-86ED9203936A}.Debug|Any CPU.Build.0 = Debug|Any CPU
		{A2CAC241-DA95-4D0A-B7C9-86ED9203936A}.Release|Any CPU.ActiveCfg = Release|Any CPU
		{A2CAC241-DA95-4D0A-B7C9-86ED9203936A}.Release|Any CPU.Build.0 = Release|Any CPU
	EndGlobalSection
	GlobalSection(SolutionProperties) = preSolution
		HideSolutionNode = FALSE
	EndGlobalSection
	GlobalSection(ExtensibilityGlobals) = postSolution
		SolutionGuid = {29D1CAC4-3ABD-4A0A-BD89-150D82A937B2}
	EndGlobalSection
EndGlobal
